{
  "name": "assets",
  "lockfileVersion": 2,
  "requires": true,
  "packages": {
    "": {
      "dependencies": {
        "bulma": "^0.9.0",
        "bulma-checkbox": "^1.1.1",
        "bulma-radio": "^1.1.1",
        "bulma-responsive-tables": "^1.2.5",
        "bulma-switch-control": "^1.1.1",
        "bulma-upload-control": "^1.2.0",
        "echarts": "^5.3.2"
      }
    },
    "node_modules/bulma": {
      "version": "0.9.4",
      "resolved": "https://registry.npmjs.org/bulma/-/bulma-0.9.4.tgz",
      "integrity": "sha512-86FlT5+1GrsgKbPLRRY7cGDg8fsJiP/jzTqXXVqiUZZ2aZT8uemEOHlU1CDU+TxklPEZ11HZNNWclRBBecP4CQ=="
    },
    "node_modules/bulma-checkbox": {
      "version": "1.2.1",
      "resolved": "https://registry.npmjs.org/bulma-checkbox/-/bulma-checkbox-1.2.1.tgz",
      "integrity": "sha512-Ad7kSzwYwHLYyow92IJPz9jgolDDo5ivlFdSBe7W4LR9WnLt/Gd2iE07m3uhoU/g37oIZcMHNC33ZxJKqAuSzQ==",
      "dependencies": {
        "bulma": "^0.9.0"
      }
    },
    "node_modules/bulma-radio": {
      "version": "1.2.0",
      "resolved": "https://registry.npmjs.org/bulma-radio/-/bulma-radio-1.2.0.tgz",
      "integrity": "sha512-rIzqALGakpKf9Eju4sGMt2Pwnn7X+AdYh6itjsCxLCJ/Ext4Cdd/M7uevQlXDy0MSwrQBMBLR8buSToBCuI+zA==",
      "dependencies": {
        "bulma": "^0.9.0"
      }
    },
    "node_modules/bulma-responsive-tables": {
      "version": "1.2.5",
      "resolved": "https://registry.npmjs.org/bulma-responsive-tables/-/bulma-responsive-tables-1.2.5.tgz",
      "integrity": "sha512-8/qYiv21cJnGYMkjIF52iKCV/B6XIswu58Vwi3/TS+wLavvA7OFXhBy0quxOnqPNqnovHly2dTCyVCqHLJU7Sg==",
      "dependencies": {
        "bulma": "^0.9.0"
      }
    },
    "node_modules/bulma-switch-control": {
      "version": "1.2.2",
      "resolved": "https://registry.npmjs.org/bulma-switch-control/-/bulma-switch-control-1.2.2.tgz",
      "integrity": "sha512-1eHlga1Z4RBRU6DIxNiwb6+I9n9vDkj9/MmwS4pL68P7STE1vbwRutxh9oFeFWuxLXGNLILJEXJXiwyEjT9upw==",
      "dependencies": {
        "bulma": "^0.9.0"
      }
    },
    "node_modules/bulma-upload-control": {
      "version": "1.2.0",
      "resolved": "https://registry.npmjs.org/bulma-upload-control/-/bulma-upload-control-1.2.0.tgz",
      "integrity": "sha512-2raueVPVoG3KjHH+7Aok44nGSPIl76qzdkLKX/ziHAOwbiXBrlEYHXca8Hk0UDa0KElLiPT6Eb2Cvz+8FFUwBw==",
      "dependencies": {
        "bulma": "^0.9.0"
      }
    },
    "node_modules/echarts": {
      "version": "5.3.2",
      "resolved": "https://registry.npmjs.org/echarts/-/echarts-5.3.2.tgz",
      "integrity": "sha512-LWCt7ohOKdJqyiBJ0OGBmE9szLdfA9sGcsMEi+GGoc6+Xo75C+BkcT/6NNGRHAWtnQl2fNow05AQjznpap28TQ==",
      "dependencies": {
        "tslib": "2.3.0",
        "zrender": "5.3.1"
      }
    },
    "node_modules/tslib": {
      "version": "2.3.0",
      "resolved": "https://registry.npmjs.org/tslib/-/tslib-2.3.0.tgz",
      "integrity": "sha512-N82ooyxVNm6h1riLCoyS9e3fuJ3AMG2zIZs2Gd1ATcSFjSA23Q0fzjjZeh0jbJvWVDZ0cJT8yaNNaaXHzueNjg=="
    },
    "node_modules/zrender": {
      "version": "5.3.1",
      "resolved": "https://registry.npmjs.org/zrender/-/zrender-5.3.1.tgz",
      "integrity": "sha512-7olqIjy0gWfznKr6vgfnGBk7y4UtdMvdwFmK92vVQsQeDPyzkHW1OlrLEKg6GHz1W5ePf0FeN1q2vkl/HFqhXw==",
      "dependencies": {
        "tslib": "2.3.0"
      }
    }
  },
  "dependencies": {
    "bulma": {
      "version": "0.9.4",
      "resolved": "https://registry.npmjs.org/bulma/-/bulma-0.9.4.tgz",
      "integrity": "sha512-86FlT5+1GrsgKbPLRRY7cGDg8fsJiP/jzTqXXVqiUZZ2aZT8uemEOHlU1CDU+TxklPEZ11HZNNWclRBBecP4CQ=="
    },
    "bulma-checkbox": {
      "version": "1.2.1",
      "resolved": "https://registry.npmjs.org/bulma-checkbox/-/bulma-checkbox-1.2.1.tgz",
      "integrity": "sha512-Ad7kSzwYwHLYyow92IJPz9jgolDDo5ivlFdSBe7W4LR9WnLt/Gd2iE07m3uhoU/g37oIZcMHNC33ZxJKqAuSzQ==",
      "requires": {
        "bulma": "^0.9.0"
      }
    },
    "bulma-radio": {
      "version": "1.2.0",
      "resolved": "https://registry.npmjs.org/bulma-radio/-/bulma-radio-1.2.0.tgz",
      "integrity": "sha512-rIzqALGakpKf9Eju4sGMt2Pwnn7X+AdYh6itjsCxLCJ/Ext4Cdd/M7uevQlXDy0MSwrQBMBLR8buSToBCuI+zA==",
      "requires": {
        "bulma": "^0.9.0"
      }
    },
    "bulma-responsive-tables": {
      "version": "1.2.5",
      "resolved": "https://registry.npmjs.org/bulma-responsive-tables/-/bulma-responsive-tables-1.2.5.tgz",
      "integrity": "sha512-8/qYiv21cJnGYMkjIF52iKCV/B6XIswu58Vwi3/TS+wLavvA7OFXhBy0quxOnqPNqnovHly2dTCyVCqHLJU7Sg==",
      "requires": {
        "bulma": "^0.9.0"
      }
    },
    "bulma-switch-control": {
      "version": "1.2.2",
      "resolved": "https://registry.npmjs.org/bulma-switch-control/-/bulma-switch-control-1.2.2.tgz",
      "integrity": "sha512-1eHlga1Z4RBRU6DIxNiwb6+I9n9vDkj9/MmwS4pL68P7STE1vbwRutxh9oFeFWuxLXGNLILJEXJXiwyEjT9upw==",
      "requires": {
        "bulma": "^0.9.0"
      }
    },
    "bulma-upload-control": {
      "version": "1.2.0",
      "resolved": "https://registry.npmjs.org/bulma-upload-control/-/bulma-upload-control-1.2.0.tgz",
      "integrity": "sha512-2raueVPVoG3KjHH+7Aok44nGSPIl76qzdkLKX/ziHAOwbiXBrlEYHXca8Hk0UDa0KElLiPT6Eb2Cvz+8FFUwBw==",
      "requires": {
        "bulma": "^0.9.0"
      }
    },
    "echarts": {
      "version": "5.3.2",
      "resolved": "https://registry.npmjs.org/echarts/-/echarts-5.3.2.tgz",
      "integrity": "sha512-LWCt7ohOKdJqyiBJ0OGBmE9szLdfA9sGcsMEi+GGoc6+Xo75C+BkcT/6NNGRHAWtnQl2fNow05AQjznpap28TQ==",
      "requires": {
        "tslib": "2.3.0",
        "zrender": "5.3.1"
      }
    },
    "tslib": {
      "version": "2.3.0",
      "resolved": "https://registry.npmjs.org/tslib/-/tslib-2.3.0.tgz",
      "integrity": "sha512-N82ooyxVNm6h1riLCoyS9e3fuJ3AMG2zIZs2Gd1ATcSFjSA23Q0fzjjZeh0jbJvWVDZ0cJT8yaNNaaXHzueNjg=="
    },
    "zrender": {
      "version": "5.3.1",
      "resolved": "https://registry.npmjs.org/zrender/-/zrender-5.3.1.tgz",
      "integrity": "sha512-7olqIjy0gWfznKr6vgfnGBk7y4UtdMvdwFmK92vVQsQeDPyzkHW1OlrLEKg6GHz1W5ePf0FeN1q2vkl/HFqhXw==",
      "requires": {
        "tslib": "2.3.0"
      }
    }
  }
}
